
Microsoft Visual Studio Solution File, Format Version 12.00
# Visual Studio Version 16
VisualStudioVersion = 16.0.32413.511
MinimumVisualStudioVersion = 10.0.40219.1
Project("{FAE04EC0-301F-11D3-BF4B-00C04F79EFBC}") = "FeishuRobot", "FeishuRobot\FeishuRobot.csproj", "{9E8610E3-7223-419B-8F88-CB73CBE8C31E}"
EndProject
Global
	GlobalSection(SolutionConfigurationPlatforms) = preSolution
		Debug|Any CPU = Debug|Any CPU
		Release|Any CPU = Release|Any CPU
	EndGlobalSection
	GlobalSection(ProjectConfigurationPlatforms) = postSolution
		{9E8610E3-7223-419B-8F88-CB73CBE8C31E}.Debug|Any CPU.ActiveCfg = Debug|Any CPU
		{9E8610E3-7223-419B-8F88-CB73CBE8C31E}.Debug|Any CPU.Build.0 = Debug|Any CPU
		{9E8610E3-7223-419B-8F88-CB73CBE8C31E}.Release|Any CPU.ActiveCfg = Release|Any CPU
		{9E8610E3-7223-419B-8F88-CB73CBE8C31E}.Release|Any CPU.Build.0 = Release|Any CPU
	EndGlobalSection
	GlobalSection(SolutionProperties) = preSolution
		HideSolutionNode = FALSE
	EndGlobalSection
	GlobalSection(ExtensibilityGlobals) = postSolution
		SolutionGuid = {766E6ABD-0927-4D26-B057-B07F80A6A9ED}
	EndGlobalSection
EndGlobal
